// !$*UTF8*$!
{
	archiveVersion = 1;
	classes = {
	};
	objectVersion = 50;
	objects = {

/* Begin PBXBuildFile section */
		0E0F2E172281E5B200DD919E /* HPRecorder.framework in Frameworks */ = {isa = PBXBuildFile; fileRef = 0E0F2E0D2281E5B100DD919E /* HPRecorder.framework */; };
		0E0F2E1C2281E5B200DD919E /* HPRecorderTests.swift in Sources */ = {isa = PBXBuildFile; fileRef = 0E0F2E1B2281E5B200DD919E /* HPRecorderTests.swift */; };
		0E0F2E1E2281E5B200DD919E /* HPRecorder.h in Headers */ = {isa = PBXBuildFile; fileRef = 0E0F2E102281E5B100DD919E /* HPRecorder.h */; settings = {ATTRIBUTES = (Public, ); }; };
		0E35E93322827374005F8291 /* AppDelegate.swift in Sources */ = {isa = PBXBuildFile; fileRef = 0E35E93222827374005F8291 /* AppDelegate.swift */; };
		0E35E93522827374005F8291 /* ViewController.swift in Sources */ = {isa = PBXBuildFile; fileRef = 0E35E93422827374005F8291 /* ViewController.swift */; };
		0E35E93822827374005F8291 /* Main.storyboard in Resources */ = {isa = PBXBuildFile; fileRef = 0E35E93622827374005F8291 /* Main.storyboard */; };
		0E35E93A22827376005F8291 /* Assets.xcassets in Resources */ = {isa = PBXBuildFile; fileRef = 0E35E93922827376005F8291 /* Assets.xcassets */; };
		0E35E93D22827376005F8291 /* LaunchScreen.storyboard in Resources */ = {isa = PBXBuildFile; fileRef = 0E35E93B22827376005F8291 /* LaunchScreen.storyboard */; };
		0E35E94822827376005F8291 /* HPRecorderExampleTests.swift in Sources */ = {isa = PBXBuildFile; fileRef = 0E35E94722827376005F8291 /* HPRecorderExampleTests.swift */; };
		0E35E9542282AF37005F8291 /* HPRecorder.swift in Sources */ = {isa = PBXBuildFile; fileRef = 0E35E9502282739C005F8291 /* HPRecorder.swift */; };
		0E35E9552282AF37005F8291 /* AudioInput.swift in Sources */ = {isa = PBXBuildFile; fileRef = 0E35E952228280AB005F8291 /* AudioInput.swift */; };
		1F144348755A68750AFEF138 /* Pods_HPRecorderExampleTests.framework in Frameworks */ = {isa = PBXBuildFile; fileRef = FF21AC49792AB320FE3DC356 /* Pods_HPRecorderExampleTests.framework */; };
		2E80FADED8949C2DE9310B76 /* Pods_HPRecorderExample.framework in Frameworks */ = {isa = PBXBuildFile; fileRef = 62B0D16E170F98B29B83C90D /* Pods_HPRecorderExample.framework */; };
		D626CB386A007069D93D8135 /* Pods_HPRecorderTests.framework in Frameworks */ = {isa = PBXBuildFile; fileRef = 7284F3CF0506BD54B34F1578 /* Pods_HPRecorderTests.framework */; };
		FA9C8607546523575D0AEFD6 /* Pods_HPRecorder.framework in Frameworks */ = {isa = PBXBuildFile; fileRef = 06911936C502664F3BCABAA9 /* Pods_HPRecorder.framework */; };
/* End PBXBuildFile section */

/* Begin PBXContainerItemProxy section */
		0E0F2E182281E5B200DD919E /* PBXContainerItemProxy */ = {
			isa = PBXContainerItemProxy;
			containerPortal = 0E0F2E042281E5B100DD919E /* Project object */;
			proxyType = 1;
			remoteGlobalIDString = 0E0F2E0C2281E5B100DD919E;
			remoteInfo = HPRecorder;
		};
		0E35E94422827376005F8291 /* PBXContainerItemProxy */ = {
			isa = PBXContainerItemProxy;
			containerPortal = 0E0F2E042281E5B100DD919E /* Project object */;
			proxyType = 1;
			remoteGlobalIDString = 0E35E92F22827374005F8291;
			remoteInfo = HPRecorderExample;
		};
/* End PBXContainerItemProxy section */

/* Begin PBXFileReference section */
		06911936C502664F3BCABAA9 /* Pods_HPRecorder.framework */ = {isa = PBXFileReference; explicitFileType = wrapper.framework; includeInIndex = 0; path = Pods_HPRecorder.framework; sourceTree = BUILT_PRODUCTS_DIR; };
		0E0F2E0D2281E5B100DD919E /* HPRecorder.framework */ = {isa = PBXFileReference; explicitFileType = wrapper.framework; includeInIndex = 0; path = HPRecorder.framework; sourceTree = BUILT_PRODUCTS_DIR; };
		0E0F2E102281E5B100DD919E /* HPRecorder.h */ = {isa = PBXFileReference; lastKnownFileType = sourcecode.c.h; path = HPRecorder.h; sourceTree = "<group>"; };
		0E0F2E112281E5B100DD919E /* Info.plist */ = {isa = PBXFileReference; lastKnownFileType = text.plist.xml; path = Info.plist; sourceTree = "<group>"; };
		0E0F2E162281E5B200DD919E /* HPRecorderTests.xctest */ = {isa = PBXFileReference; explicitFileType = wrapper.cfbundle; includeInIndex = 0; path = HPRecorderTests.xctest; sourceTree = BUILT_PRODUCTS_DIR; };
		0E0F2E1B2281E5B200DD919E /* HPRecorderTests.swift */ = {isa = PBXFileReference; lastKnownFileType = sourcecode.swift; path = HPRecorderTests.swift; sourceTree = "<group>"; };
		0E0F2E1D2281E5B200DD919E /* Info.plist */ = {isa = PBXFileReference; lastKnownFileType = text.plist.xml; path = Info.plist; sourceTree = "<group>"; };
		0E35E93022827374005F8291 /* HPRecorderExample.app */ = {isa = PBXFileReference; explicitFileType = wrapper.application; includeInIndex = 0; path = HPRecorderExample.app; sourceTree = BUILT_PRODUCTS_DIR; };
		0E35E93222827374005F8291 /* AppDelegate.swift */ = {isa = PBXFileReference; lastKnownFileType = sourcecode.swift; path = AppDelegate.swift; sourceTree = "<group>"; };
		0E35E93422827374005F8291 /* ViewController.swift */ = {isa = PBXFileReference; lastKnownFileType = sourcecode.swift; path = ViewController.swift; sourceTree = "<group>"; };
		0E35E93722827374005F8291 /* Base */ = {isa = PBXFileReference; lastKnownFileType = file.storyboard; name = Base; path = Base.lproj/Main.storyboard; sourceTree = "<group>"; };
		0E35E93922827376005F8291 /* Assets.xcassets */ = {isa = PBXFileReference; lastKnownFileType = folder.assetcatalog; path = Assets.xcassets; sourceTree = "<group>"; };
		0E35E93C22827376005F8291 /* Base */ = {isa = PBXFileReference; lastKnownFileType = file.storyboard; name = Base; path = Base.lproj/LaunchScreen.storyboard; sourceTree = "<group>"; };
		0E35E93E22827376005F8291 /* Info.plist */ = {isa = PBXFileReference; lastKnownFileType = text.plist.xml; path = Info.plist; sourceTree = "<group>"; };
		0E35E94322827376005F8291 /* HPRecorderExampleTests.xctest */ = {isa = PBXFileReference; explicitFileType = wrapper.cfbundle; includeInIndex = 0; path = HPRecorderExampleTests.xctest; sourceTree = BUILT_PRODUCTS_DIR; };
		0E35E94722827376005F8291 /* HPRecorderExampleTests.swift */ = {isa = PBXFileReference; lastKnownFileType = sourcecode.swift; path = HPRecorderExampleTests.swift; sourceTree = "<group>"; };
		0E35E94922827376005F8291 /* Info.plist */ = {isa = PBXFileReference; lastKnownFileType = text.plist.xml; path = Info.plist; sourceTree = "<group>"; };
		0E35E9502282739C005F8291 /* HPRecorder.swift */ = {isa = PBXFileReference; lastKnownFileType = sourcecode.swift; path = HPRecorder.swift; sourceTree = "<group>"; };
		0E35E952228280AB005F8291 /* AudioInput.swift */ = {isa = PBXFileReference; lastKnownFileType = sourcecode.swift; path = AudioInput.swift; sourceTree = "<group>"; };
		32DB93AFDE37CCAC747E291C /* Pods-HPRecorderTests.release.xcconfig */ = {isa = PBXFileReference; includeInIndex = 1; lastKnownFileType = text.xcconfig; name = "Pods-HPRecorderTests.release.xcconfig"; path = "Target Support Files/Pods-HPRecorderTests/Pods-HPRecorderTests.release.xcconfig"; sourceTree = "<group>"; };
		37081376BF5014815204BFF9 /* Pods-HPRecorderExampleTests.debug.xcconfig */ = {isa = PBXFileReference; includeInIndex = 1; lastKnownFileType = text.xcconfig; name = "Pods-HPRecorderExampleTests.debug.xcconfig"; path = "Target Support Files/Pods-HPRecorderExampleTests/Pods-HPRecorderExampleTests.debug.xcconfig"; sourceTree = "<group>"; };
		5B14321AB85C81CB2CF405E9 /* Pods-HPRecorderExampleTests.release.xcconfig */ = {isa = PBXFileReference; includeInIndex = 1; lastKnownFileType = text.xcconfig; name = "Pods-HPRecorderExampleTests.release.xcconfig"; path = "Target Support Files/Pods-HPRecorderExampleTests/Pods-HPRecorderExampleTests.release.xcconfig"; sourceTree = "<group>"; };
		62B0D16E170F98B29B83C90D /* Pods_HPRecorderExample.framework */ = {isa = PBXFileReference; explicitFileType = wrapper.framework; includeInIndex = 0; path = Pods_HPRecorderExample.framework; sourceTree = BUILT_PRODUCTS_DIR; };
		6C9C82117621A922E0213A5D /* Pods-HPRecorderExample.release.xcconfig */ = {isa = PBXFileReference; includeInIndex = 1; lastKnownFileType = text.xcconfig; name = "Pods-HPRecorderExample.release.xcconfig"; path = "Target Support Files/Pods-HPRecorderExample/Pods-HPRecorderExample.release.xcconfig"; sourceTree = "<group>"; };
		7284F3CF0506BD54B34F1578 /* Pods_HPRecorderTests.framework */ = {isa = PBXFileReference; explicitFileType = wrapper.framework; includeInIndex = 0; path = Pods_HPRecorderTests.framework; sourceTree = BUILT_PRODUCTS_DIR; };
		E436C8A005E67B8D1008174C /* Pods-HPRecorderExample.debug.xcconfig */ = {isa = PBXFileReference; includeInIndex = 1; lastKnownFileType = text.xcconfig; name = "Pods-HPRecorderExample.debug.xcconfig"; path = "Target Support Files/Pods-HPRecorderExample/Pods-HPRecorderExample.debug.xcconfig"; sourceTree = "<group>"; };
		ECD97360FBBD8693E3FD2ACB /* Pods-HPRecorderTests.debug.xcconfig */ = {isa = PBXFileReference; includeInIndex = 1; lastKnownFileType = text.xcconfig; name = "Pods-HPRecorderTests.debug.xcconfig"; path = "Target Support Files/Pods-HPRecorderTests/Pods-HPRecorderTests.debug.xcconfig"; sourceTree = "<group>"; };
		EFCE8ECB6D2478F56BAA4AFA /* Pods-HPRecorder.debug.xcconfig */ = {isa = PBXFileReference; includeInIndex = 1; lastKnownFileType = text.xcconfig; name = "Pods-HPRecorder.debug.xcconfig"; path = "Target Support Files/Pods-HPRecorder/Pods-HPRecorder.debug.xcconfig"; sourceTree = "<group>"; };
		F9CB236A7A8BB8879C00C30B /* Pods-HPRecorder.release.xcconfig */ = {isa = PBXFileReference; includeInIndex = 1; lastKnownFileType = text.xcconfig; name = "Pods-HPRecorder.release.xcconfig"; path = "Target Support Files/Pods-HPRecorder/Pods-HPRecorder.release.xcconfig"; sourceTree = "<group>"; };
		FF21AC49792AB320FE3DC356 /* Pods_HPRecorderExampleTests.framework */ = {isa = PBXFileReference; explicitFileType = wrapper.framework; includeInIndex = 0; path = Pods_HPRecorderExampleTests.framework; sourceTree = BUILT_PRODUCTS_DIR; };
/* End PBXFileReference section */

/* Begin PBXFrameworksBuildPhase section */
		0E0F2E0A2281E5B100DD919E /* Frameworks */ = {
			isa = PBXFrameworksBuildPhase;
			buildActionMask = 2147483647;
			files = (
				FA9C8607546523575D0AEFD6 /* Pods_HPRecorder.framework in Frameworks */,
			);
			runOnlyForDeploymentPostprocessing = 0;
		};
		0E0F2E132281E5B200DD919E /* Frameworks */ = {
			isa = PBXFrameworksBuildPhase;
			buildActionMask = 2147483647;
			files = (
				0E0F2E172281E5B200DD919E /* HPRecorder.framework in Frameworks */,
				D626CB386A007069D93D8135 /* Pods_HPRecorderTests.framework in Frameworks */,
			);
			runOnlyForDeploymentPostprocessing = 0;
		};
		0E35E92D22827374005F8291 /* Frameworks */ = {
			isa = PBXFrameworksBuildPhase;
			buildActionMask = 2147483647;
			files = (
				2E80FADED8949C2DE9310B76 /* Pods_HPRecorderExample.framework in Frameworks */,
			);
			runOnlyForDeploymentPostprocessing = 0;
		};
		0E35E94022827376005F8291 /* Frameworks */ = {
			isa = PBXFrameworksBuildPhase;
			buildActionMask = 2147483647;
			files = (
				1F144348755A68750AFEF138 /* Pods_HPRecorderExampleTests.framework in Frameworks */,
			);
			runOnlyForDeploymentPostprocessing = 0;
		};
/* End PBXFrameworksBuildPhase section */

/* Begin PBXGroup section */
		0E0F2E032281E5B100DD919E = {
			isa = PBXGroup;
			children = (
				0E0F2E0F2281E5B100DD919E /* HPRecorder */,
				0E0F2E1A2281E5B200DD919E /* HPRecorderTests */,
				0E35E93122827374005F8291 /* HPRecorderExample */,
				0E35E94622827376005F8291 /* HPRecorderExampleTests */,
				0E0F2E0E2281E5B100DD919E /* Products */,
				FF72B273FCC2D85732E514C6 /* Pods */,
				D72CE22F62A05C947399B904 /* Frameworks */,
			);
			sourceTree = "<group>";
		};
		0E0F2E0E2281E5B100DD919E /* Products */ = {
			isa = PBXGroup;
			children = (
				0E0F2E0D2281E5B100DD919E /* HPRecorder.framework */,
				0E0F2E162281E5B200DD919E /* HPRecorderTests.xctest */,
				0E35E93022827374005F8291 /* HPRecorderExample.app */,
				0E35E94322827376005F8291 /* HPRecorderExampleTests.xctest */,
			);
			name = Products;
			sourceTree = "<group>";
		};
		0E0F2E0F2281E5B100DD919E /* HPRecorder */ = {
			isa = PBXGroup;
			children = (
				0E0F2E102281E5B100DD919E /* HPRecorder.h */,
				0E0F2E112281E5B100DD919E /* Info.plist */,
				0E35E9502282739C005F8291 /* HPRecorder.swift */,
				0E35E952228280AB005F8291 /* AudioInput.swift */,
			);
			path = HPRecorder;
			sourceTree = "<group>";
		};
		0E0F2E1A2281E5B200DD919E /* HPRecorderTests */ = {
			isa = PBXGroup;
			children = (
				0E0F2E1B2281E5B200DD919E /* HPRecorderTests.swift */,
				0E0F2E1D2281E5B200DD919E /* Info.plist */,
			);
			path = HPRecorderTests;
			sourceTree = "<group>";
		};
		0E35E93122827374005F8291 /* HPRecorderExample */ = {
			isa = PBXGroup;
			children = (
				0E35E93222827374005F8291 /* AppDelegate.swift */,
				0E35E93422827374005F8291 /* ViewController.swift */,
				0E35E93622827374005F8291 /* Main.storyboard */,
				0E35E93922827376005F8291 /* Assets.xcassets */,
				0E35E93B22827376005F8291 /* LaunchScreen.storyboard */,
				0E35E93E22827376005F8291 /* Info.plist */,
			);
			path = HPRecorderExample;
			sourceTree = "<group>";
		};
		0E35E94622827376005F8291 /* HPRecorderExampleTests */ = {
			isa = PBXGroup;
			children = (
				0E35E94722827376005F8291 /* HPRecorderExampleTests.swift */,
				0E35E94922827376005F8291 /* Info.plist */,
			);
			path = HPRecorderExampleTests;
			sourceTree = "<group>";
		};
		D72CE22F62A05C947399B904 /* Frameworks */ = {
			isa = PBXGroup;
			children = (
				06911936C502664F3BCABAA9 /* Pods_HPRecorder.framework */,
				62B0D16E170F98B29B83C90D /* Pods_HPRecorderExample.framework */,
				FF21AC49792AB320FE3DC356 /* Pods_HPRecorderExampleTests.framework */,
				7284F3CF0506BD54B34F1578 /* Pods_HPRecorderTests.framework */,
			);
			name = Frameworks;
			sourceTree = "<group>";
		};
		FF72B273FCC2D85732E514C6 /* Pods */ = {
			isa = PBXGroup;
			children = (
				EFCE8ECB6D2478F56BAA4AFA /* Pods-HPRecorder.debug.xcconfig */,
				F9CB236A7A8BB8879C00C30B /* Pods-HPRecorder.release.xcconfig */,
				E436C8A005E67B8D1008174C /* Pods-HPRecorderExample.debug.xcconfig */,
				6C9C82117621A922E0213A5D /* Pods-HPRecorderExample.release.xcconfig */,
				37081376BF5014815204BFF9 /* Pods-HPRecorderExampleTests.debug.xcconfig */,
				5B14321AB85C81CB2CF405E9 /* Pods-HPRecorderExampleTests.release.xcconfig */,
				ECD97360FBBD8693E3FD2ACB /* Pods-HPRecorderTests.debug.xcconfig */,
				32DB93AFDE37CCAC747E291C /* Pods-HPRecorderTests.release.xcconfig */,
			);
			path = Pods;
			sourceTree = "<group>";
		};
/* End PBXGroup section */

/* Begin PBXHeadersBuildPhase section */
		0E0F2E082281E5B100DD919E /* Headers */ = {
			isa = PBXHeadersBuildPhase;
			buildActionMask = 2147483647;
			files = (
				0E0F2E1E2281E5B200DD919E /* HPRecorder.h in Headers */,
			);
			runOnlyForDeploymentPostprocessing = 0;
		};
/* End PBXHeadersBuildPhase section */

/* Begin PBXNativeTarget section */
		0E0F2E0C2281E5B100DD919E /* HPRecorder */ = {
			isa = PBXNativeTarget;
			buildConfigurationList = 0E0F2E212281E5B200DD919E /* Build configuration list for PBXNativeTarget "HPRecorder" */;
			buildPhases = (
				0AF627445B1F4CE565C5B061 /* [CP] Check Pods Manifest.lock */,
				0E0F2E082281E5B100DD919E /* Headers */,
				0E0F2E092281E5B100DD919E /* Sources */,
				0E0F2E0A2281E5B100DD919E /* Frameworks */,
				0E0F2E0B2281E5B100DD919E /* Resources */,
			);
			buildRules = (
			);
			dependencies = (
			);
			name = HPRecorder;
			productName = HPRecorder;
			productReference = 0E0F2E0D2281E5B100DD919E /* HPRecorder.framework */;
			productType = "com.apple.product-type.framework";
		};
		0E0F2E152281E5B200DD919E /* HPRecorderTests */ = {
			isa = PBXNativeTarget;
			buildConfigurationList = 0E0F2E242281E5B200DD919E /* Build configuration list for PBXNativeTarget "HPRecorderTests" */;
			buildPhases = (
				AA0CAE492C1961F677F6F71D /* [CP] Check Pods Manifest.lock */,
				0E0F2E122281E5B200DD919E /* Sources */,
				0E0F2E132281E5B200DD919E /* Frameworks */,
				0E0F2E142281E5B200DD919E /* Resources */,
			);
			buildRules = (
			);
			dependencies = (
				0E0F2E192281E5B200DD919E /* PBXTargetDependency */,
			);
			name = HPRecorderTests;
			productName = HPRecorderTests;
			productReference = 0E0F2E162281E5B200DD919E /* HPRecorderTests.xctest */;
			productType = "com.apple.product-type.bundle.unit-test";
		};
		0E35E92F22827374005F8291 /* HPRecorderExample */ = {
			isa = PBXNativeTarget;
			buildConfigurationList = 0E35E94E22827376005F8291 /* Build configuration list for PBXNativeTarget "HPRecorderExample" */;
			buildPhases = (
				AF3290C9108535A58CCB8291 /* [CP] Check Pods Manifest.lock */,
				0E35E92C22827374005F8291 /* Sources */,
				0E35E92D22827374005F8291 /* Frameworks */,
				0E35E92E22827374005F8291 /* Resources */,
				B1D219B6E62617D72320D87D /* [CP] Embed Pods Frameworks */,
			);
			buildRules = (
			);
			dependencies = (
			);
			name = HPRecorderExample;
			productName = HPRecorderExample;
			productReference = 0E35E93022827374005F8291 /* HPRecorderExample.app */;
			productType = "com.apple.product-type.application";
		};
		0E35E94222827376005F8291 /* HPRecorderExampleTests */ = {
			isa = PBXNativeTarget;
			buildConfigurationList = 0E35E94F22827376005F8291 /* Build configuration list for PBXNativeTarget "HPRecorderExampleTests" */;
			buildPhases = (
				58F6E10B909FF7D8551E04FB /* [CP] Check Pods Manifest.lock */,
				0E35E93F22827376005F8291 /* Sources */,
				0E35E94022827376005F8291 /* Frameworks */,
				0E35E94122827376005F8291 /* Resources */,
			);
			buildRules = (
			);
			dependencies = (
				0E35E94522827376005F8291 /* PBXTargetDependency */,
			);
			name = HPRecorderExampleTests;
			productName = HPRecorderExampleTests;
			productReference = 0E35E94322827376005F8291 /* HPRecorderExampleTests.xctest */;
			productType = "com.apple.product-type.bundle.unit-test";
		};
/* End PBXNativeTarget section */

/* Begin PBXProject section */
		0E0F2E042281E5B100DD919E /* Project object */ = {
			isa = PBXProject;
			attributes = {
				LastSwiftUpdateCheck = 1020;
				LastUpgradeCheck = 1020;
				ORGANIZATIONNAME = "Quang Hoang";
				TargetAttributes = {
					0E0F2E0C2281E5B100DD919E = {
						CreatedOnToolsVersion = 10.2.1;
					};
					0E0F2E152281E5B200DD919E = {
						CreatedOnToolsVersion = 10.2.1;
					};
					0E35E92F22827374005F8291 = {
						CreatedOnToolsVersion = 10.2.1;
					};
					0E35E94222827376005F8291 = {
						CreatedOnToolsVersion = 10.2.1;
						TestTargetID = 0E35E92F22827374005F8291;
					};
				};
			};
			buildConfigurationList = 0E0F2E072281E5B100DD919E /* Build configuration list for PBXProject "HPRecorder" */;
			compatibilityVersion = "Xcode 9.3";
			developmentRegion = en;
			hasScannedForEncodings = 0;
			knownRegions = (
				en,
				Base,
			);
			mainGroup = 0E0F2E032281E5B100DD919E;
			productRefGroup = 0E0F2E0E2281E5B100DD919E /* Products */;
			projectDirPath = "";
			projectRoot = "";
			targets = (
				0E0F2E0C2281E5B100DD919E /* HPRecorder */,
				0E0F2E152281E5B200DD919E /* HPRecorderTests */,
				0E35E92F22827374005F8291 /* HPRecorderExample */,
				0E35E94222827376005F8291 /* HPRecorderExampleTests */,
			);
		};
/* End PBXProject section */

/* Begin PBXResourcesBuildPhase section */
		0E0F2E0B2281E5B100DD919E /* Resources */ = {
			isa = PBXResourcesBuildPhase;
			buildActionMask = 2147483647;
			files = (
			);
			runOnlyForDeploymentPostprocessing = 0;
		};
		0E0F2E142281E5B200DD919E /* Resources */ = {
			isa = PBXResourcesBuildPhase;
			buildActionMask = 2147483647;
			files = (
			);
			runOnlyForDeploymentPostprocessing = 0;
		};
		0E35E92E22827374005F8291 /* Resources */ = {
			isa = PBXResourcesBuildPhase;
			buildActionMask = 2147483647;
			files = (
				0E35E93D22827376005F8291 /* LaunchScreen.storyboard in Resources */,
				0E35E93A22827376005F8291 /* Assets.xcassets in Resources */,
				0E35E93822827374005F8291 /* Main.storyboard in Resources */,
			);
			runOnlyForDeploymentPostprocessing = 0;
		};
		0E35E94122827376005F8291 /* Resources */ = {
			isa = PBXResourcesBuildPhase;
			buildActionMask = 2147483647;
			files = (
			);
			runOnlyForDeploymentPostprocessing = 0;
		};
/* End PBXResourcesBuildPhase section */

/* Begin PBXShellScriptBuildPhase section */
		0AF627445B1F4CE565C5B061 /* [CP] Check Pods Manifest.lock */ = {
			isa = PBXShellScriptBuildPhase;
			buildActionMask = 2147483647;
			files = (
			);
			inputFileListPaths = (
			);
			inputPaths = (
				"${PODS_PODFILE_DIR_PATH}/Podfile.lock",
				"${PODS_ROOT}/Manifest.lock",
			);
			name = "[CP] Check Pods Manifest.lock";
			outputFileListPaths = (
			);
			outputPaths = (
				"$(DERIVED_FILE_DIR)/Pods-HPRecorder-checkManifestLockResult.txt",
			);
			runOnlyForDeploymentPostprocessing = 0;
			shellPath = /bin/sh;
			shellScript = "diff \"${PODS_PODFILE_DIR_PATH}/Podfile.lock\" \"${PODS_ROOT}/Manifest.lock\" > /dev/null\nif [ $? != 0 ] ; then\n    # print error to STDERR\n    echo \"error: The sandbox is not in sync with the Podfile.lock. Run 'pod install' or update your CocoaPods installation.\" >&2\n    exit 1\nfi\n# This output is used by Xcode 'outputs' to avoid re-running this script phase.\necho \"SUCCESS\" > \"${SCRIPT_OUTPUT_FILE_0}\"\n";
			showEnvVarsInLog = 0;
		};
		58F6E10B909FF7D8551E04FB /* [CP] Check Pods Manifest.lock */ = {
			isa = PBXShellScriptBuildPhase;
			buildActionMask = 2147483647;
			files = (
			);
			inputFileListPaths = (
			);
			inputPaths = (
				"${PODS_PODFILE_DIR_PATH}/Podfile.lock",
				"${PODS_ROOT}/Manifest.lock",
			);
			name = "[CP] Check Pods Manifest.lock";
			outputFileListPaths = (
			);
			outputPaths = (
				"$(DERIVED_FILE_DIR)/Pods-HPRecorderExampleTests-checkManifestLockResult.txt",
			);
			runOnlyForDeploymentPostprocessing = 0;
			shellPath = /bin/sh;
			shellScript = "diff \"${PODS_PODFILE_DIR_PATH}/Podfile.lock\" \"${PODS_ROOT}/Manifest.lock\" > /dev/null\nif [ $? != 0 ] ; then\n    # print error to STDERR\n    echo \"error: The sandbox is not in sync with the Podfile.lock. Run 'pod install' or update your CocoaPods installation.\" >&2\n    exit 1\nfi\n# This output is used by Xcode 'outputs' to avoid re-running this script phase.\necho \"SUCCESS\" > \"${SCRIPT_OUTPUT_FILE_0}\"\n";
			showEnvVarsInLog = 0;
		};
		AA0CAE492C1961F677F6F71D /* [CP] Check Pods Manifest.lock */ = {
			isa = PBXShellScriptBuildPhase;
			buildActionMask = 2147483647;
			files = (
			);
			inputFileListPaths = (
			);
			inputPaths = (
				"${PODS_PODFILE_DIR_PATH}/Podfile.lock",
				"${PODS_ROOT}/Manifest.lock",
			);
			name = "[CP] Check Pods Manifest.lock";
			outputFileListPaths = (
			);
			outputPaths = (
				"$(DERIVED_FILE_DIR)/Pods-HPRecorderTests-checkManifestLockResult.txt",
			);
			runOnlyForDeploymentPostprocessing = 0;
			shellPath = /bin/sh;
			shellScript = "diff \"${PODS_PODFILE_DIR_PATH}/Podfile.lock\" \"${PODS_ROOT}/Manifest.lock\" > /dev/null\nif [ $? != 0 ] ; then\n    # print error to STDERR\n    echo \"error: The sandbox is not in sync with the Podfile.lock. Run 'pod install' or update your CocoaPods installation.\" >&2\n    exit 1\nfi\n# This output is used by Xcode 'outputs' to avoid re-running this script phase.\necho \"SUCCESS\" > \"${SCRIPT_OUTPUT_FILE_0}\"\n";
			showEnvVarsInLog = 0;
		};
		AF3290C9108535A58CCB8291 /* [CP] Check Pods Manifest.lock */ = {
			isa = PBXShellScriptBuildPhase;
			buildActionMask = 2147483647;
			files = (
			);
			inputFileListPaths = (
			);
			inputPaths = (
				"${PODS_PODFILE_DIR_PATH}/Podfile.lock",
				"${PODS_ROOT}/Manifest.lock",
			);
			name = "[CP] Check Pods Manifest.lock";
			outputFileListPaths = (
			);
			outputPaths = (
				"$(DERIVED_FILE_DIR)/Pods-HPRecorderExample-checkManifestLockResult.txt",
			);
			runOnlyForDeploymentPostprocessing = 0;
			shellPath = /bin/sh;
			shellScript = "diff \"${PODS_PODFILE_DIR_PATH}/Podfile.lock\" \"${PODS_ROOT}/Manifest.lock\" > /dev/null\nif [ $? != 0 ] ; then\n    # print error to STDERR\n    echo \"error: The sandbox is not in sync with the Podfile.lock. Run 'pod install' or update your CocoaPods installation.\" >&2\n    exit 1\nfi\n# This output is used by Xcode 'outputs' to avoid re-running this script phase.\necho \"SUCCESS\" > \"${SCRIPT_OUTPUT_FILE_0}\"\n";
			showEnvVarsInLog = 0;
		};
		B1D219B6E62617D72320D87D /* [CP] Embed Pods Frameworks */ = {
			isa = PBXShellScriptBuildPhase;
			buildActionMask = 2147483647;
			files = (
			);
			inputFileListPaths = (
			);
			inputPaths = (
				"${PODS_ROOT}/Target Support Files/Pods-HPRecorderExample/Pods-HPRecorderExample-frameworks.sh",
				"${BUILT_PRODUCTS_DIR}/HPRecorder/HPRecorder.framework",
			);
			name = "[CP] Embed Pods Frameworks";
			outputFileListPaths = (
			);
			outputPaths = (
				"${TARGET_BUILD_DIR}/${FRAMEWORKS_FOLDER_PATH}/HPRecorder.framework",
			);
			runOnlyForDeploymentPostprocessing = 0;
			shellPath = /bin/sh;
			shellScript = "\"${PODS_ROOT}/Target Support Files/Pods-HPRecorderExample/Pods-HPRecorderExample-frameworks.sh\"\n";
			showEnvVarsInLog = 0;
		};
/* End PBXShellScriptBuildPhase section */

/* Begin PBXSourcesBuildPhase section */
		0E0F2E092281E5B100DD919E /* Sources */ = {
			isa = PBXSourcesBuildPhase;
			buildActionMask = 2147483647;
			files = (
				0E35E9542282AF37005F8291 /* HPRecorder.swift in Sources */,
				0E35E9552282AF37005F8291 /* AudioInput.swift in Sources */,
			);
			runOnlyForDeploymentPostprocessing = 0;
		};
		0E0F2E122281E5B200DD919E /* Sources */ = {
			isa = PBXSourcesBuildPhase;
			buildActionMask = 2147483647;
			files = (
				0E0F2E1C2281E5B200DD919E /* HPRecorderTests.swift in Sources */,
			);
			runOnlyForDeploymentPostprocessing = 0;
		};
		0E35E92C22827374005F8291 /* Sources */ = {
			isa = PBXSourcesBuildPhase;
			buildActionMask = 2147483647;
			files = (
				0E35E93522827374005F8291 /* ViewController.swift in Sources */,
				0E35E93322827374005F8291 /* AppDelegate.swift in Sources */,
			);
			runOnlyForDeploymentPostprocessing = 0;
		};
		0E35E93F22827376005F8291 /* Sources */ = {
			isa = PBXSourcesBuildPhase;
			buildActionMask = 2147483647;
			files = (
				0E35E94822827376005F8291 /* HPRecorderExampleTests.swift in Sources */,
			);
			runOnlyForDeploymentPostprocessing = 0;
		};
/* End PBXSourcesBuildPhase section */

/* Begin PBXTargetDependency section */
		0E0F2E192281E5B200DD919E /* PBXTargetDependency */ = {
			isa = PBXTargetDependency;
			target = 0E0F2E0C2281E5B100DD919E /* HPRecorder */;
			targetProxy = 0E0F2E182281E5B200DD919E /* PBXContainerItemProxy */;
		};
		0E35E94522827376005F8291 /* PBXTargetDependency */ = {
			isa = PBXTargetDependency;
			target = 0E35E92F22827374005F8291 /* HPRecorderExample */;
			targetProxy = 0E35E94422827376005F8291 /* PBXContainerItemProxy */;
		};
/* End PBXTargetDependency section */

/* Begin PBXVariantGroup section */
		0E35E93622827374005F8291 /* Main.storyboard */ = {
			isa = PBXVariantGroup;
			children = (
				0E35E93722827374005F8291 /* Base */,
			);
			name = Main.storyboard;
			sourceTree = "<group>";
		};
		0E35E93B22827376005F8291 /* LaunchScreen.storyboard */ = {
			isa = PBXVariantGroup;
			children = (
				0E35E93C22827376005F8291 /* Base */,
			);
			name = LaunchScreen.storyboard;
			sourceTree = "<group>";
		};
/* End PBXVariantGroup section */

/* Begin XCBuildConfiguration section */
		0E0F2E1F2281E5B200DD919E /* Debug */ = {
			isa = XCBuildConfiguration;
			buildSettings = {
				ALWAYS_SEARCH_USER_PATHS = NO;
				CLANG_ANALYZER_NONNULL = YES;
				CLANG_ANALYZER_NUMBER_OBJECT_CONVERSION = YES_AGGRESSIVE;
				CLANG_CXX_LANGUAGE_STANDARD = "gnu++14";
				CLANG_CXX_LIBRARY = "libc++";
				CLANG_ENABLE_MODULES = YES;
				CLANG_ENABLE_OBJC_ARC = YES;
				CLANG_ENABLE_OBJC_WEAK = YES;
				CLANG_WARN_BLOCK_CAPTURE_AUTORELEASING = YES;
				CLANG_WARN_BOOL_CONVERSION = YES;
				CLANG_WARN_COMMA = YES;
				CLANG_WARN_CONSTANT_CONVERSION = YES;
				CLANG_WARN_DEPRECATED_OBJC_IMPLEMENTATIONS = YES;
				CLANG_WARN_DIRECT_OBJC_ISA_USAGE = YES_ERROR;
				CLANG_WARN_DOCUMENTATION_COMMENTS = YES;
				CLANG_WARN_EMPTY_BODY = YES;
				CLANG_WARN_ENUM_CONVERSION = YES;
				CLANG_WARN_INFINITE_RECURSION = YES;
				CLANG_WARN_INT_CONVERSION = YES;
				CLANG_WARN_NON_LITERAL_NULL_CONVERSION = YES;
				CLANG_WARN_OBJC_IMPLICIT_RETAIN_SELF = YES;
				CLANG_WARN_OBJC_LITERAL_CONVERSION = YES;
				CLANG_WARN_OBJC_ROOT_CLASS = YES_ERROR;
				CLANG_WARN_RANGE_LOOP_ANALYSIS = YES;
				CLANG_WARN_STRICT_PROTOTYPES = YES;
				CLANG_WARN_SUSPICIOUS_MOVE = YES;
				CLANG_WARN_UNGUARDED_AVAILABILITY = YES_AGGRESSIVE;
				CLANG_WARN_UNREACHABLE_CODE = YES;
				CLANG_WARN__DUPLICATE_METHOD_MATCH = YES;
				CODE_SIGN_IDENTITY = "iPhone Developer";
				COPY_PHASE_STRIP = NO;
				CURRENT_PROJECT_VERSION = 1;
				DEBUG_INFORMATION_FORMAT = dwarf;
				ENABLE_STRICT_OBJC_MSGSEND = YES;
				ENABLE_TESTABILITY = YES;
				GCC_C_LANGUAGE_STANDARD = gnu11;
				GCC_DYNAMIC_NO_PIC = NO;
				GCC_NO_COMMON_BLOCKS = YES;
				GCC_OPTIMIZATION_LEVEL = 0;
				GCC_PREPROCESSOR_DEFINITIONS = (
					"DEBUG=1",
					"$(inherited)",
				);
				GCC_WARN_64_TO_32_BIT_CONVERSION = YES;
				GCC_WARN_ABOUT_RETURN_TYPE = YES_ERROR;
				GCC_WARN_UNDECLARED_SELECTOR = YES;
				GCC_WARN_UNINITIALIZED_AUTOS = YES_AGGRESSIVE;
				GCC_WARN_UNUSED_FUNCTION = YES;
				GCC_WARN_UNUSED_VARIABLE = YES;
				IPHONEOS_DEPLOYMENT_TARGET = 10.0;
				MTL_ENABLE_DEBUG_INFO = INCLUDE_SOURCE;
				MTL_FAST_MATH = YES;
				ONLY_ACTIVE_ARCH = YES;
				SDKROOT = iphoneos;
				SWIFT_ACTIVE_COMPILATION_CONDITIONS = DEBUG;
				SWIFT_OPTIMIZATION_LEVEL = "-Onone";
				VERSIONING_SYSTEM = "apple-generic";
				VERSION_INFO_PREFIX = "";
			};
			name = Debug;
		};
		0E0F2E202281E5B200DD919E /* Release */ = {
			isa = XCBuildConfiguration;
			buildSettings = {
				ALWAYS_SEARCH_USER_PATHS = NO;
				CLANG_ANALYZER_NONNULL = YES;
				CLANG_ANALYZER_NUMBER_OBJECT_CONVERSION = YES_AGGRESSIVE;
				CLANG_CXX_LANGUAGE_STANDARD = "gnu++14";
				CLANG_CXX_LIBRARY = "libc++";
				CLANG_ENABLE_MODULES = YES;
				CLANG_ENABLE_OBJC_ARC = YES;
				CLANG_ENABLE_OBJC_WEAK = YES;
				CLANG_WARN_BLOCK_CAPTURE_AUTORELEASING = YES;
				CLANG_WARN_BOOL_CONVERSION = YES;
				CLANG_WARN_COMMA = YES;
				CLANG_WARN_CONSTANT_CONVERSION = YES;
				CLANG_WARN_DEPRECATED_OBJC_IMPLEMENTATIONS = YES;
				CLANG_WARN_DIRECT_OBJC_ISA_USAGE = YES_ERROR;
				CLANG_WARN_DOCUMENTATION_COMMENTS = YES;
				CLANG_WARN_EMPTY_BODY = YES;
				CLANG_WARN_ENUM_CONVERSION = YES;
				CLANG_WARN_INFINITE_RECURSION = YES;
				CLANG_WARN_INT_CONVERSION = YES;
				CLANG_WARN_NON_LITERAL_NULL_CONVERSION = YES;
				CLANG_WARN_OBJC_IMPLICIT_RETAIN_SELF = YES;
				CLANG_WARN_OBJC_LITERAL_CONVERSION = YES;
				CLANG_WARN_OBJC_ROOT_CLASS = YES_ERROR;
				CLANG_WARN_RANGE_LOOP_ANALYSIS = YES;
				CLANG_WARN_STRICT_PROTOTYPES = YES;
				CLANG_WARN_SUSPICIOUS_MOVE = YES;
				CLANG_WARN_UNGUARDED_AVAILABILITY = YES_AGGRESSIVE;
				CLANG_WARN_UNREACHABLE_CODE = YES;
				CLANG_WARN__DUPLICATE_METHOD_MATCH = YES;
				CODE_SIGN_IDENTITY = "iPhone Developer";
				COPY_PHASE_STRIP = NO;
				CURRENT_PROJECT_VERSION = 1;
				DEBUG_INFORMATION_FORMAT = "dwarf-with-dsym";
				ENABLE_NS_ASSERTIONS = NO;
				ENABLE_STRICT_OBJC_MSGSEND = YES;
				GCC_C_LANGUAGE_STANDARD = gnu11;
				GCC_NO_COMMON_BLOCKS = YES;
				GCC_WARN_64_TO_32_BIT_CONVERSION = YES;
				GCC_WARN_ABOUT_RETURN_TYPE = YES_ERROR;
				GCC_WARN_UNDECLARED_SELECTOR = YES;
				GCC_WARN_UNINITIALIZED_AUTOS = YES_AGGRESSIVE;
				GCC_WARN_UNUSED_FUNCTION = YES;
				GCC_WARN_UNUSED_VARIABLE = YES;
				IPHONEOS_DEPLOYMENT_TARGET = 10.0;
				MTL_ENABLE_DEBUG_INFO = NO;
				MTL_FAST_MATH = YES;
				SDKROOT = iphoneos;
				SWIFT_COMPILATION_MODE = wholemodule;
				SWIFT_OPTIMIZATION_LEVEL = "-O";
				VALIDATE_PRODUCT = YES;
				VERSIONING_SYSTEM = "apple-generic";
				VERSION_INFO_PREFIX = "";
			};
			name = Release;
		};
		0E0F2E222281E5B200DD919E /* Debug */ = {
			isa = XCBuildConfiguration;
			baseConfigurationReference = EFCE8ECB6D2478F56BAA4AFA /* Pods-HPRecorder.debug.xcconfig */;
			buildSettings = {
				CODE_SIGN_IDENTITY = "";
				CODE_SIGN_STYLE = Automatic;
				DEFINES_MODULE = YES;
				DYLIB_COMPATIBILITY_VERSION = 1;
				DYLIB_CURRENT_VERSION = 1;
				DYLIB_INSTALL_NAME_BASE = "@rpath";
				INFOPLIST_FILE = HPRecorder/Info.plist;
				INSTALL_PATH = "$(LOCAL_LIBRARY_DIR)/Frameworks";
				LD_RUNPATH_SEARCH_PATHS = (
					"$(inherited)",
					"@executable_path/Frameworks",
					"@loader_path/Frameworks",
				);
				PRODUCT_BUNDLE_IDENTIFIER = com.quanghoang.HPRecorder;
				PRODUCT_NAME = "$(TARGET_NAME:c99extidentifier)";
				SKIP_INSTALL = YES;
				SWIFT_VERSION = 5.0;
				TARGETED_DEVICE_FAMILY = "1,2";
			};
			name = Debug;
		};
		0E0F2E232281E5B200DD919E /* Release */ = {
			isa = XCBuildConfiguration;
			baseConfigurationReference = F9CB236A7A8BB8879C00C30B /* Pods-HPRecorder.release.xcconfig */;
			buildSettings = {
				CODE_SIGN_IDENTITY = "";
				CODE_SIGN_STYLE = Automatic;
				DEFINES_MODULE = YES;
				DYLIB_COMPATIBILITY_VERSION = 1;
				DYLIB_CURRENT_VERSION = 1;
				DYLIB_INSTALL_NAME_BASE = "@rpath";
				INFOPLIST_FILE = HPRecorder/Info.plist;
				INSTALL_PATH = "$(LOCAL_LIBRARY_DIR)/Frameworks";
				LD_RUNPATH_SEARCH_PATHS = (
					"$(inherited)",
					"@executable_path/Frameworks",
					"@loader_path/Frameworks",
				);
				PRODUCT_BUNDLE_IDENTIFIER = com.quanghoang.HPRecorder;
				PRODUCT_NAME = "$(TARGET_NAME:c99extidentifier)";
				SKIP_INSTALL = YES;
				SWIFT_VERSION = 5.0;
				TARGETED_DEVICE_FAMILY = "1,2";
			};
			name = Release;
		};
		0E0F2E252281E5B200DD919E /* Debug */ = {
			isa = XCBuildConfiguration;
			baseConfigurationReference = ECD97360FBBD8693E3FD2ACB /* Pods-HPRecorderTests.debug.xcconfig */;
			buildSettings = {
				ALWAYS_EMBED_SWIFT_STANDARD_LIBRARIES = YES;
				CODE_SIGN_STYLE = Automatic;
				INFOPLIST_FILE = HPRecorderTests/Info.plist;
				LD_RUNPATH_SEARCH_PATHS = (
					"$(inherited)",
					"@executable_path/Frameworks",
					"@loader_path/Frameworks",
				);
				PRODUCT_BUNDLE_IDENTIFIER = com.quanghoang.HPRecorderTests;
				PRODUCT_NAME = "$(TARGET_NAME)";
				SWIFT_VERSION = 5.0;
				TARGETED_DEVICE_FAMILY = "1,2";
			};
			name = Debug;
		};
		0E0F2E262281E5B200DD919E /* Release */ = {
			isa = XCBuildConfiguration;
			baseConfigurationReference = 32DB93AFDE37CCAC747E291C /* Pods-HPRecorderTests.release.xcconfig */;
			buildSettings = {
				ALWAYS_EMBED_SWIFT_STANDARD_LIBRARIES = YES;
				CODE_SIGN_STYLE = Automatic;
				INFOPLIST_FILE = HPRecorderTests/Info.plist;
				LD_RUNPATH_SEARCH_PATHS = (
					"$(inherited)",
					"@executable_path/Frameworks",
					"@loader_path/Frameworks",
				);
				PRODUCT_BUNDLE_IDENTIFIER = com.quanghoang.HPRecorderTests;
				PRODUCT_NAME = "$(TARGET_NAME)";
				SWIFT_VERSION = 5.0;
				TARGETED_DEVICE_FAMILY = "1,2";
			};
			name = Release;
		};
		0E35E94A22827376005F8291 /* Debug */ = {
			isa = XCBuildConfiguration;
			baseConfigurationReference = E436C8A005E67B8D1008174C /* Pods-HPRecorderExample.debug.xcconfig */;
			buildSettings = {
				ASSETCATALOG_COMPILER_APPICON_NAME = AppIcon;
				CODE_SIGN_STYLE = Automatic;
				INFOPLIST_FILE = HPRecorderExample/Info.plist;
				LD_RUNPATH_SEARCH_PATHS = (
					"$(inherited)",
					"@executable_path/Frameworks",
				);
				PRODUCT_BUNDLE_IDENTIFIER = com.quanghoang.HPRecorderExample;
				PRODUCT_NAME = "$(TARGET_NAME)";
				SWIFT_VERSION = 5.0;
				TARGETED_DEVICE_FAMILY = "1,2";
			};
			name = Debug;
		};
		0E35E94B22827376005F8291 /* Release */ = {
			isa = XCBuildConfiguration;
			baseConfigurationReference = 6C9C82117621A922E0213A5D /* Pods-HPRecorderExample.release.xcconfig */;
			buildSettings = {
				ASSETCATALOG_COMPILER_APPICON_NAME = AppIcon;
				CODE_SIGN_STYLE = Automatic;
				INFOPLIST_FILE = HPRecorderExample/Info.plist;
				LD_RUNPATH_SEARCH_PATHS = (
					"$(inherited)",
					"@executable_path/Frameworks",
				);
				PRODUCT_BUNDLE_IDENTIFIER = com.quanghoang.HPRecorderExample;
				PRODUCT_NAME = "$(TARGET_NAME)";
				SWIFT_VERSION = 5.0;
				TARGETED_DEVICE_FAMILY = "1,2";
			};
			name = Release;
		};
		0E35E94C22827376005F8291 /* Debug */ = {
			isa = XCBuildConfiguration;
			baseConfigurationReference = 37081376BF5014815204BFF9 /* Pods-HPRecorderExampleTests.debug.xcconfig */;
			buildSettings = {
				ALWAYS_EMBED_SWIFT_STANDARD_LIBRARIES = YES;
				BUNDLE_LOADER = "$(TEST_HOST)";
				CODE_SIGN_STYLE = Automatic;
				INFOPLIST_FILE = HPRecorderExampleTests/Info.plist;
				LD_RUNPATH_SEARCH_PATHS = (
					"$(inherited)",
					"@executable_path/Frameworks",
					"@loader_path/Frameworks",
				);
				PRODUCT_BUNDLE_IDENTIFIER = com.quanghoang.HPRecorderExampleTests;
				PRODUCT_NAME = "$(TARGET_NAME)";
				SWIFT_VERSION = 5.0;
				TARGETED_DEVICE_FAMILY = "1,2";
				TEST_HOST = "$(BUILT_PRODUCTS_DIR)/HPRecorderExample.app/HPRecorderExample";
			};
			name = Debug;
		};
		0E35E94D22827376005F8291 /* Release */ = {
			isa = XCBuildConfiguration;
			baseConfigurationReference = 5B14321AB85C81CB2CF405E9 /* Pods-HPRecorderExampleTests.release.xcconfig */;
			buildSettings = {
				ALWAYS_EMBED_SWIFT_STANDARD_LIBRARIES = YES;
				BUNDLE_LOADER = "$(TEST_HOST)";
				CODE_SIGN_STYLE = Automatic;
				INFOPLIST_FILE = HPRecorderExampleTests/Info.plist;
				LD_RUNPATH_SEARCH_PATHS = (
					"$(inherited)",
					"@executable_path/Frameworks",
					"@loader_path/Frameworks",
				);
				PRODUCT_BUNDLE_IDENTIFIER = com.quanghoang.HPRecorderExampleTests;
				PRODUCT_NAME = "$(TARGET_NAME)";
				SWIFT_VERSION = 5.0;
				TARGETED_DEVICE_FAMILY = "1,2";
				TEST_HOST = "$(BUILT_PRODUCTS_DIR)/HPRecorderExample.app/HPRecorderExample";
			};
			name = Release;
		};
/* End XCBuildConfiguration section */

/* Begin XCConfigurationList section */
		0E0F2E072281E5B100DD919E /* Build configuration list for PBXProject "HPRecorder" */ = {
			isa = XCConfigurationList;
			buildConfigurations = (
				0E0F2E1F2281E5B200DD919E /* Debug */,
				0E0F2E202281E5B200DD919E /* Release */,
			);
			defaultConfigurationIsVisible = 0;
			defaultConfigurationName = Release;
		};
		0E0F2E212281E5B200DD919E /* Build configuration list for PBXNativeTarget "HPRecorder" */ = {
			isa = XCConfigurationList;
			buildConfigurations = (
				0E0F2E222281E5B200DD919E /* Debug */,
				0E0F2E232281E5B200DD919E /* Release */,
			);
			defaultConfigurationIsVisible = 0;
			defaultConfigurationName = Release;
		};
		0E0F2E242281E5B200DD919E /* Build configuration list for PBXNativeTarget "HPRecorderTests" */ = {
			isa = XCConfigurationList;
			buildConfigurations = (
				0E0F2E252281E5B200DD919E /* Debug */,
				0E0F2E262281E5B200DD919E /* Release */,
			);
			defaultConfigurationIsVisible = 0;
			defaultConfigurationName = Release;
		};
		0E35E94E22827376005F8291 /* Build configuration list for PBXNativeTarget "HPRecorderExample" */ = {
			isa = XCConfigurationList;
			buildConfigurations = (
				0E35E94A22827376005F8291 /* Debug */,
				0E35E94B22827376005F8291 /* Release */,
			);
			defaultConfigurationIsVisible = 0;
			defaultConfigurationName = Release;
		};
		0E35E94F22827376005F8291 /* Build configuration list for PBXNativeTarget "HPRecorderExampleTests" */ = {
			isa = XCConfigurationList;
			buildConfigurations = (
				0E35E94C22827376005F8291 /* Debug */,
				0E35E94D22827376005F8291 /* Release */,
			);
			defaultConfigurationIsVisible = 0;
			defaultConfigurationName = Release;
		};
/* End XCConfigurationList section */
	};
	rootObject = 0E0F2E042281E5B100DD919E /* Project object */;
}
